// !$*UTF8*$!
{
	archiveVersion = 1;
	classes = {
	};
	objectVersion = 46;
	objects = {

/* Begin PBXBuildFile section */
		3616462F1E6EDB7C009232B1 /* AppDelegate.swift in Sources */ = {isa = PBXBuildFile; fileRef = 3616462E1E6EDB7C009232B1 /* AppDelegate.swift */; };
		361646341E6EDB7C009232B1 /* Main.storyboard in Resources */ = {isa = PBXBuildFile; fileRef = 361646321E6EDB7C009232B1 /* Main.storyboard */; };
		361646361E6EDB7C009232B1 /* Assets.xcassets in Resources */ = {isa = PBXBuildFile; fileRef = 361646351E6EDB7C009232B1 /* Assets.xcassets */; };
		361646391E6EDB7C009232B1 /* LaunchScreen.storyboard in Resources */ = {isa = PBXBuildFile; fileRef = 361646371E6EDB7C009232B1 /* LaunchScreen.storyboard */; };
		36197F851E71E12900AF9D94 /* FavouritesViewController.swift in Sources */ = {isa = PBXBuildFile; fileRef = 36197F841E71E12900AF9D94 /* FavouritesViewController.swift */; };
		3637345F1E713BE300AD7F51 /* TabBarController.swift in Sources */ = {isa = PBXBuildFile; fileRef = 3637345E1E713BE300AD7F51 /* TabBarController.swift */; };
		363734621E7179F600AD7F51 /* AppConstants.swift in Sources */ = {isa = PBXBuildFile; fileRef = 363734611E7179F600AD7F51 /* AppConstants.swift */; };
		363734641E717F1E00AD7F51 /* ProfileViewController.swift in Sources */ = {isa = PBXBuildFile; fileRef = 363734631E717F1E00AD7F51 /* ProfileViewController.swift */; };
		363FFF1A1E6FFF2F00C7B64E /* LoginViewController.swift in Sources */ = {isa = PBXBuildFile; fileRef = 363FFF191E6FFF2F00C7B64E /* LoginViewController.swift */; };
		365892971E7684DF007E3578 /* AppSingleton.swift in Sources */ = {isa = PBXBuildFile; fileRef = 365892961E7684DF007E3578 /* AppSingleton.swift */; };
		366310091E74055800AD72DC /* UtilAlertManagement.swift in Sources */ = {isa = PBXBuildFile; fileRef = 366310081E74055800AD72DC /* UtilAlertManagement.swift */; };
		3663100F1E75A1ED00AD72DC /* UtilActivityIndicator.swift in Sources */ = {isa = PBXBuildFile; fileRef = 3663100E1E75A1ED00AD72DC /* UtilActivityIndicator.swift */; };
		368F4E421E73139B00CEB917 /* WebServiceCommunication.swift in Sources */ = {isa = PBXBuildFile; fileRef = 368F4E411E73139B00CEB917 /* WebServiceCommunication.swift */; };
		368F4E441E731B6E00CEB917 /* SearchViewController.swift in Sources */ = {isa = PBXBuildFile; fileRef = 368F4E431E731B6E00CEB917 /* SearchViewController.swift */; };
		368F4E461E731D5500CEB917 /* CustomSearchBar.swift in Sources */ = {isa = PBXBuildFile; fileRef = 368F4E451E731D5500CEB917 /* CustomSearchBar.swift */; };
		368F4E481E731D6900CEB917 /* CustomSearchButton.swift in Sources */ = {isa = PBXBuildFile; fileRef = 368F4E471E731D6900CEB917 /* CustomSearchButton.swift */; };
		BD31964FDC427B2B6E2B4338 /* Pods_atabixchallenge.framework in Frameworks */ = {isa = PBXBuildFile; fileRef = 082F33C4423A16D6F8C15508 /* Pods_atabixchallenge.framework */; };
/* End PBXBuildFile section */

/* Begin PBXFileReference section */
		082F33C4423A16D6F8C15508 /* Pods_atabixchallenge.framework */ = {isa = PBXFileReference; explicitFileType = wrapper.framework; includeInIndex = 0; path = Pods_atabixchallenge.framework; sourceTree = BUILT_PRODUCTS_DIR; };
		3616462B1E6EDB7C009232B1 /* atabixchallenge.app */ = {isa = PBXFileReference; explicitFileType = wrapper.application; includeInIndex = 0; path = atabixchallenge.app; sourceTree = BUILT_PRODUCTS_DIR; };
		3616462E1E6EDB7C009232B1 /* AppDelegate.swift */ = {isa = PBXFileReference; lastKnownFileType = sourcecode.swift; path = AppDelegate.swift; sourceTree = "<group>"; };
		361646331E6EDB7C009232B1 /* Base */ = {isa = PBXFileReference; lastKnownFileType = file.storyboard; name = Base; path = Base.lproj/Main.storyboard; sourceTree = "<group>"; };
		361646351E6EDB7C009232B1 /* Assets.xcassets */ = {isa = PBXFileReference; lastKnownFileType = folder.assetcatalog; path = Assets.xcassets; sourceTree = "<group>"; };
		361646381E6EDB7C009232B1 /* Base */ = {isa = PBXFileReference; lastKnownFileType = file.storyboard; name = Base; path = Base.lproj/LaunchScreen.storyboard; sourceTree = "<group>"; };
		3616463A1E6EDB7C009232B1 /* Info.plist */ = {isa = PBXFileReference; lastKnownFileType = text.plist.xml; path = Info.plist; sourceTree = "<group>"; };
		36197F841E71E12900AF9D94 /* FavouritesViewController.swift */ = {isa = PBXFileReference; fileEncoding = 4; lastKnownFileType = sourcecode.swift; path = FavouritesViewController.swift; sourceTree = "<group>"; };
		3637345E1E713BE300AD7F51 /* TabBarController.swift */ = {isa = PBXFileReference; fileEncoding = 4; lastKnownFileType = sourcecode.swift; path = TabBarController.swift; sourceTree = "<group>"; };
		363734611E7179F600AD7F51 /* AppConstants.swift */ = {isa = PBXFileReference; fileEncoding = 4; lastKnownFileType = sourcecode.swift; path = AppConstants.swift; sourceTree = "<group>"; };
		363734631E717F1E00AD7F51 /* ProfileViewController.swift */ = {isa = PBXFileReference; fileEncoding = 4; lastKnownFileType = sourcecode.swift; path = ProfileViewController.swift; sourceTree = "<group>"; };
		363FFF191E6FFF2F00C7B64E /* LoginViewController.swift */ = {isa = PBXFileReference; fileEncoding = 4; lastKnownFileType = sourcecode.swift; path = LoginViewController.swift; sourceTree = "<group>"; };
		365892961E7684DF007E3578 /* AppSingleton.swift */ = {isa = PBXFileReference; fileEncoding = 4; lastKnownFileType = sourcecode.swift; path = AppSingleton.swift; sourceTree = "<group>"; };
		366310081E74055800AD72DC /* UtilAlertManagement.swift */ = {isa = PBXFileReference; fileEncoding = 4; lastKnownFileType = sourcecode.swift; path = UtilAlertManagement.swift; sourceTree = "<group>"; };
		3663100E1E75A1ED00AD72DC /* UtilActivityIndicator.swift */ = {isa = PBXFileReference; fileEncoding = 4; lastKnownFileType = sourcecode.swift; path = UtilActivityIndicator.swift; sourceTree = "<group>"; };
		368F4E411E73139B00CEB917 /* WebServiceCommunication.swift */ = {isa = PBXFileReference; fileEncoding = 4; lastKnownFileType = sourcecode.swift; path = WebServiceCommunication.swift; sourceTree = "<group>"; };
		368F4E431E731B6E00CEB917 /* SearchViewController.swift */ = {isa = PBXFileReference; fileEncoding = 4; lastKnownFileType = sourcecode.swift; path = SearchViewController.swift; sourceTree = "<group>"; };
		368F4E451E731D5500CEB917 /* CustomSearchBar.swift */ = {isa = PBXFileReference; fileEncoding = 4; lastKnownFileType = sourcecode.swift; path = CustomSearchBar.swift; sourceTree = "<group>"; };
		368F4E471E731D6900CEB917 /* CustomSearchButton.swift */ = {isa = PBXFileReference; fileEncoding = 4; lastKnownFileType = sourcecode.swift; path = CustomSearchButton.swift; sourceTree = "<group>"; };
		384FE8A745B3549A9A367048 /* Pods-atabixchallenge.release.xcconfig */ = {isa = PBXFileReference; includeInIndex = 1; lastKnownFileType = text.xcconfig; name = "Pods-atabixchallenge.release.xcconfig"; path = "Pods/Target Support Files/Pods-atabixchallenge/Pods-atabixchallenge.release.xcconfig"; sourceTree = "<group>"; };
		4C3A3597C4C91F0EA49E7C5F /* Pods-atabixchallenge.debug.xcconfig */ = {isa = PBXFileReference; includeInIndex = 1; lastKnownFileType = text.xcconfig; name = "Pods-atabixchallenge.debug.xcconfig"; path = "Pods/Target Support Files/Pods-atabixchallenge/Pods-atabixchallenge.debug.xcconfig"; sourceTree = "<group>"; };
/* End PBXFileReference section */

/* Begin PBXFrameworksBuildPhase section */
		361646281E6EDB7C009232B1 /* Frameworks */ = {
			isa = PBXFrameworksBuildPhase;
			buildActionMask = 2147483647;
			files = (
				BD31964FDC427B2B6E2B4338 /* Pods_atabixchallenge.framework in Frameworks */,
			);
			runOnlyForDeploymentPostprocessing = 0;
		};
/* End PBXFrameworksBuildPhase section */

/* Begin PBXGroup section */
		361646221E6EDB7C009232B1 = {
			isa = PBXGroup;
			children = (
				3616462D1E6EDB7C009232B1 /* atabixchallenge */,
				3616462C1E6EDB7C009232B1 /* Products */,
				EE9B0F459E0486419E7AADEC /* Pods */,
				B85FDB36D23E390D8D9EBAD9 /* Frameworks */,
			);
			sourceTree = "<group>";
		};
		3616462C1E6EDB7C009232B1 /* Products */ = {
			isa = PBXGroup;
			children = (
				3616462B1E6EDB7C009232B1 /* atabixchallenge.app */,
			);
			name = Products;
			sourceTree = "<group>";
		};
		3616462D1E6EDB7C009232B1 /* atabixchallenge */ = {
			isa = PBXGroup;
			children = (
				3616462E1E6EDB7C009232B1 /* AppDelegate.swift */,
				363734601E7179E500AD7F51 /* Util */,
				36790D5B1E6F1B2100F775B2 /* Model */,
				36790D5A1E6F1B1700F775B2 /* View */,
				36790D591E6F1B0D00F775B2 /* Controller */,
				36790D581E6F16E600F775B2 /* Support Files */,
				361646351E6EDB7C009232B1 /* Assets.xcassets */,
			);
			path = atabixchallenge;
			sourceTree = "<group>";
		};
		363734601E7179E500AD7F51 /* Util */ = {
			isa = PBXGroup;
			children = (
				363734611E7179F600AD7F51 /* AppConstants.swift */,
				366310081E74055800AD72DC /* UtilAlertManagement.swift */,
				3663100E1E75A1ED00AD72DC /* UtilActivityIndicator.swift */,
			);
			name = Util;
			sourceTree = "<group>";
		};
		36790D581E6F16E600F775B2 /* Support Files */ = {
			isa = PBXGroup;
			children = (
				361646321E6EDB7C009232B1 /* Main.storyboard */,
				361646371E6EDB7C009232B1 /* LaunchScreen.storyboard */,
				3616463A1E6EDB7C009232B1 /* Info.plist */,
			);
			name = "Support Files";
			sourceTree = "<group>";
		};
		36790D591E6F1B0D00F775B2 /* Controller */ = {
			isa = PBXGroup;
			children = (
				363FFF191E6FFF2F00C7B64E /* LoginViewController.swift */,
				3637345E1E713BE300AD7F51 /* TabBarController.swift */,
				363734631E717F1E00AD7F51 /* ProfileViewController.swift */,
				36197F841E71E12900AF9D94 /* FavouritesViewController.swift */,
				368F4E431E731B6E00CEB917 /* SearchViewController.swift */,
			);
			name = Controller;
			sourceTree = "<group>";
		};
		36790D5A1E6F1B1700F775B2 /* View */ = {
			isa = PBXGroup;
			children = (
				368F4E451E731D5500CEB917 /* CustomSearchBar.swift */,
				368F4E471E731D6900CEB917 /* CustomSearchButton.swift */,
			);
			name = View;
			sourceTree = "<group>";
		};
		36790D5B1E6F1B2100F775B2 /* Model */ = {
			isa = PBXGroup;
			children = (
				365892961E7684DF007E3578 /* AppSingleton.swift */,
				368F4E411E73139B00CEB917 /* WebServiceCommunication.swift */,
			);
			name = Model;
			sourceTree = "<group>";
		};
		B85FDB36D23E390D8D9EBAD9 /* Frameworks */ = {
			isa = PBXGroup;
			children = (
				082F33C4423A16D6F8C15508 /* Pods_atabixchallenge.framework */,
			);
			name = Frameworks;
			sourceTree = "<group>";
		};
		EE9B0F459E0486419E7AADEC /* Pods */ = {
			isa = PBXGroup;
			children = (
				4C3A3597C4C91F0EA49E7C5F /* Pods-atabixchallenge.debug.xcconfig */,
				384FE8A745B3549A9A367048 /* Pods-atabixchallenge.release.xcconfig */,
			);
			name = Pods;
			sourceTree = "<group>";
		};
/* End PBXGroup section */

/* Begin PBXNativeTarget section */
		3616462A1E6EDB7C009232B1 /* atabixchallenge */ = {
			isa = PBXNativeTarget;
			buildConfigurationList = 3616463D1E6EDB7C009232B1 /* Build configuration list for PBXNativeTarget "atabixchallenge" */;
			buildPhases = (
				C52A49FDE7D0F25FA8605294 /* [CP] Check Pods Manifest.lock */,
				361646271E6EDB7C009232B1 /* Sources */,
				361646281E6EDB7C009232B1 /* Frameworks */,
				361646291E6EDB7C009232B1 /* Resources */,
				D1F308CC25F304372A4CF909 /* [CP] Embed Pods Frameworks */,
				A478C47FC1DB3360B79B8C95 /* [CP] Copy Pods Resources */,
				36790D571E6EE5DF00F775B2 /* ShellScript */,
			);
			buildRules = (
			);
			dependencies = (
			);
			name = atabixchallenge;
			productName = atabixchallenge;
			productReference = 3616462B1E6EDB7C009232B1 /* atabixchallenge.app */;
			productType = "com.apple.product-type.application";
		};
/* End PBXNativeTarget section */

/* Begin PBXProject section */
		361646231E6EDB7C009232B1 /* Project object */ = {
			isa = PBXProject;
			attributes = {
				LastSwiftUpdateCheck = 0820;
				LastUpgradeCheck = 0820;
				ORGANIZATIONNAME = marcosmolero;
				TargetAttributes = {
					3616462A1E6EDB7C009232B1 = {
						CreatedOnToolsVersion = 8.2.1;
						ProvisioningStyle = Automatic;
					};
				};
			};
			buildConfigurationList = 361646261E6EDB7C009232B1 /* Build configuration list for PBXProject "atabixchallenge" */;
			compatibilityVersion = "Xcode 3.2";
			developmentRegion = English;
			hasScannedForEncodings = 0;
			knownRegions = (
				en,
				Base,
			);
			mainGroup = 361646221E6EDB7C009232B1;
			productRefGroup = 3616462C1E6EDB7C009232B1 /* Products */;
			projectDirPath = "";
			projectRoot = "";
			targets = (
				3616462A1E6EDB7C009232B1 /* atabixchallenge */,
			);
		};
/* End PBXProject section */

/* Begin PBXResourcesBuildPhase section */
		361646291E6EDB7C009232B1 /* Resources */ = {
			isa = PBXResourcesBuildPhase;
			buildActionMask = 2147483647;
			files = (
				361646391E6EDB7C009232B1 /* LaunchScreen.storyboard in Resources */,
				361646361E6EDB7C009232B1 /* Assets.xcassets in Resources */,
				361646341E6EDB7C009232B1 /* Main.storyboard in Resources */,
			);
			runOnlyForDeploymentPostprocessing = 0;
		};
/* End PBXResourcesBuildPhase section */

/* Begin PBXShellScriptBuildPhase section */
		36790D571E6EE5DF00F775B2 /* ShellScript */ = {
			isa = PBXShellScriptBuildPhase;
			buildActionMask = 2147483647;
			files = (
			);
			inputPaths = (
			);
			outputPaths = (
			);
			runOnlyForDeploymentPostprocessing = 0;
			shellPath = /bin/sh;
			shellScript = "\"${PODS_ROOT}/Fabric/run\" 2c88544ea8ecd69b58b7cbd1cd7f666d24c9f6c1 970143cdd7226c52698d2d376d1160edf7441abb34e685d9fe2bf6f7704a40ac";
		};
		A478C47FC1DB3360B79B8C95 /* [CP] Copy Pods Resources */ = {
			isa = PBXShellScriptBuildPhase;
			buildActionMask = 2147483647;
			files = (
			);
			inputPaths = (
			);
			name = "[CP] Copy Pods Resources";
			outputPaths = (
			);
			runOnlyForDeploymentPostprocessing = 0;
			shellPath = /bin/sh;
			shellScript = "\"${SRCROOT}/Pods/Target Support Files/Pods-atabixchallenge/Pods-atabixchallenge-resources.sh\"\n";
			showEnvVarsInLog = 0;
		};
		C52A49FDE7D0F25FA8605294 /* [CP] Check Pods Manifest.lock */ = {
			isa = PBXShellScriptBuildPhase;
			buildActionMask = 2147483647;
			files = (
			);
			inputPaths = (
			);
			name = "[CP] Check Pods Manifest.lock";
			outputPaths = (
			);
			runOnlyForDeploymentPostprocessing = 0;
			shellPath = /bin/sh;
			shellScript = "diff \"${PODS_ROOT}/../Podfile.lock\" \"${PODS_ROOT}/Manifest.lock\" > /dev/null\nif [ $? != 0 ] ; then\n    # print error to STDERR\n    echo \"error: The sandbox is not in sync with the Podfile.lock. Run 'pod install' or update your CocoaPods installation.\" >&2\n    exit 1\nfi\n";
			showEnvVarsInLog = 0;
		};
		D1F308CC25F304372A4CF909 /* [CP] Embed Pods Frameworks */ = {
			isa = PBXShellScriptBuildPhase;
			buildActionMask = 2147483647;
			files = (
			);
			inputPaths = (
			);
			name = "[CP] Embed Pods Frameworks";
			outputPaths = (
			);
			runOnlyForDeploymentPostprocessing = 0;
			shellPath = /bin/sh;
			shellScript = "\"${SRCROOT}/Pods/Target Support Files/Pods-atabixchallenge/Pods-atabixchallenge-frameworks.sh\"\n";
			showEnvVarsInLog = 0;
		};
/* End PBXShellScriptBuildPhase section */

/* Begin PBXSourcesBuildPhase section */
		361646271E6EDB7C009232B1 /* Sources */ = {
			isa = PBXSourcesBuildPhase;
			buildActionMask = 2147483647;
			files = (
				368F4E481E731D6900CEB917 /* CustomSearchButton.swift in Sources */,
				363734641E717F1E00AD7F51 /* ProfileViewController.swift in Sources */,
				365892971E7684DF007E3578 /* AppSingleton.swift in Sources */,
				363FFF1A1E6FFF2F00C7B64E /* LoginViewController.swift in Sources */,
				3637345F1E713BE300AD7F51 /* TabBarController.swift in Sources */,
				368F4E441E731B6E00CEB917 /* SearchViewController.swift in Sources */,
				3616462F1E6EDB7C009232B1 /* AppDelegate.swift in Sources */,
				368F4E461E731D5500CEB917 /* CustomSearchBar.swift in Sources */,
				368F4E421E73139B00CEB917 /* WebServiceCommunication.swift in Sources */,
				36197F851E71E12900AF9D94 /* FavouritesViewController.swift in Sources */,
				366310091E74055800AD72DC /* UtilAlertManagement.swift in Sources */,
				3663100F1E75A1ED00AD72DC /* UtilActivityIndicator.swift in Sources */,
				363734621E7179F600AD7F51 /* AppConstants.swift in Sources */,
			);
			runOnlyForDeploymentPostprocessing = 0;
		};
/* End PBXSourcesBuildPhase section */

/* Begin PBXVariantGroup section */
		361646321E6EDB7C009232B1 /* Main.storyboard */ = {
			isa = PBXVariantGroup;
			children = (
				361646331E6EDB7C009232B1 /* Base */,
			);
			name = Main.storyboard;
			sourceTree = "<group>";
		};
		361646371E6EDB7C009232B1 /* LaunchScreen.storyboard */ = {
			isa = PBXVariantGroup;
			children = (
				361646381E6EDB7C009232B1 /* Base */,
			);
			name = LaunchScreen.storyboard;
			sourceTree = "<group>";
		};
/* End PBXVariantGroup section */

/* Begin XCBuildConfiguration section */
		3616463B1E6EDB7C009232B1 /* Debug */ = {
			isa = XCBuildConfiguration;
			buildSettings = {
				ALWAYS_SEARCH_USER_PATHS = NO;
				CLANG_ANALYZER_NONNULL = YES;
				CLANG_CXX_LANGUAGE_STANDARD = "gnu++0x";
				CLANG_CXX_LIBRARY = "libc++";
				CLANG_ENABLE_MODULES = YES;
				CLANG_ENABLE_OBJC_ARC = YES;
				CLANG_WARN_BOOL_CONVERSION = YES;
				CLANG_WARN_CONSTANT_CONVERSION = YES;
				CLANG_WARN_DIRECT_OBJC_ISA_USAGE = YES_ERROR;
				CLANG_WARN_DOCUMENTATION_COMMENTS = YES;
				CLANG_WARN_EMPTY_BODY = YES;
				CLANG_WARN_ENUM_CONVERSION = YES;
				CLANG_WARN_INFINITE_RECURSION = YES;
				CLANG_WARN_INT_CONVERSION = YES;
				CLANG_WARN_OBJC_ROOT_CLASS = YES_ERROR;
				CLANG_WARN_SUSPICIOUS_MOVE = YES;
				CLANG_WARN_UNREACHABLE_CODE = YES;
				CLANG_WARN__DUPLICATE_METHOD_MATCH = YES;
				"CODE_SIGN_IDENTITY[sdk=iphoneos*]" = "iPhone Developer";
				COPY_PHASE_STRIP = NO;
				DEBUG_INFORMATION_FORMAT = dwarf;
				ENABLE_STRICT_OBJC_MSGSEND = YES;
				ENABLE_TESTABILITY = YES;
				GCC_C_LANGUAGE_STANDARD = gnu99;
				GCC_DYNAMIC_NO_PIC = NO;
				GCC_NO_COMMON_BLOCKS = YES;
				GCC_OPTIMIZATION_LEVEL = 0;
				GCC_PREPROCESSOR_DEFINITIONS = (
					"DEBUG=1",
					"$(inherited)",
				);
				GCC_WARN_64_TO_32_BIT_CONVERSION = YES;
				GCC_WARN_ABOUT_RETURN_TYPE = YES_ERROR;
				GCC_WARN_UNDECLARED_SELECTOR = YES;
				GCC_WARN_UNINITIALIZED_AUTOS = YES_AGGRESSIVE;
				GCC_WARN_UNUSED_FUNCTION = YES;
				GCC_WARN_UNUSED_VARIABLE = YES;
				IPHONEOS_DEPLOYMENT_TARGET = 10.2;
				MTL_ENABLE_DEBUG_INFO = YES;
				ONLY_ACTIVE_ARCH = YES;
				SDKROOT = iphoneos;
				SWIFT_ACTIVE_COMPILATION_CONDITIONS = DEBUG;
				SWIFT_OPTIMIZATION_LEVEL = "-Onone";
			};
			name = Debug;
		};
		3616463C1E6EDB7C009232B1 /* Release */ = {
			isa = XCBuildConfiguration;
			buildSettings = {
				ALWAYS_SEARCH_USER_PATHS = NO;
				CLANG_ANALYZER_NONNULL = YES;
				CLANG_CXX_LANGUAGE_STANDARD = "gnu++0x";
				CLANG_CXX_LIBRARY = "libc++";
				CLANG_ENABLE_MODULES = YES;
				CLANG_ENABLE_OBJC_ARC = YES;
				CLANG_WARN_BOOL_CONVERSION = YES;
				CLANG_WARN_CONSTANT_CONVERSION = YES;
				CLANG_WARN_DIRECT_OBJC_ISA_USAGE = YES_ERROR;
				CLANG_WARN_DOCUMENTATION_COMMENTS = YES;
				CLANG_WARN_EMPTY_BODY = YES;
				CLANG_WARN_ENUM_CONVERSION = YES;
				CLANG_WARN_INFINITE_RECURSION = YES;
				CLANG_WARN_INT_CONVERSION = YES;
				CLANG_WARN_OBJC_ROOT_CLASS = YES_ERROR;
				CLANG_WARN_SUSPICIOUS_MOVE = YES;
				CLANG_WARN_UNREACHABLE_CODE = YES;
				CLANG_WARN__DUPLICATE_METHOD_MATCH = YES;
				"CODE_SIGN_IDENTITY[sdk=iphoneos*]" = "iPhone Developer";
				COPY_PHASE_STRIP = NO;
				DEBUG_INFORMATION_FORMAT = "dwarf-with-dsym";
				ENABLE_NS_ASSERTIONS = NO;
				ENABLE_STRICT_OBJC_MSGSEND = YES;
				GCC_C_LANGUAGE_STANDARD = gnu99;
				GCC_NO_COMMON_BLOCKS = YES;
				GCC_WARN_64_TO_32_BIT_CONVERSION = YES;
				GCC_WARN_ABOUT_RETURN_TYPE = YES_ERROR;
				GCC_WARN_UNDECLARED_SELECTOR = YES;
				GCC_WARN_UNINITIALIZED_AUTOS = YES_AGGRESSIVE;
				GCC_WARN_UNUSED_FUNCTION = YES;
				GCC_WARN_UNUSED_VARIABLE = YES;
				IPHONEOS_DEPLOYMENT_TARGET = 10.2;
				MTL_ENABLE_DEBUG_INFO = NO;
				SDKROOT = iphoneos;
				SWIFT_OPTIMIZATION_LEVEL = "-Owholemodule";
				VALIDATE_PRODUCT = YES;
			};
			name = Release;
		};
		3616463E1E6EDB7C009232B1 /* Debug */ = {
			isa = XCBuildConfiguration;
			baseConfigurationReference = 4C3A3597C4C91F0EA49E7C5F /* Pods-atabixchallenge.debug.xcconfig */;
			buildSettings = {
				ASSETCATALOG_COMPILER_APPICON_NAME = AppIcon;
				DEVELOPMENT_TEAM = "";
				INFOPLIST_FILE = atabixchallenge/Info.plist;
				LD_RUNPATH_SEARCH_PATHS = "$(inherited) @executable_path/Frameworks";
				PRODUCT_BUNDLE_IDENTIFIER = com.marcosmolero.atabixchallenge;
				PRODUCT_NAME = "$(TARGET_NAME)";
				SWIFT_VERSION = 3.0;
			};
			name = Debug;
		};
		3616463F1E6EDB7C009232B1 /* Release */ = {
			isa = XCBuildConfiguration;
			baseConfigurationReference = 384FE8A745B3549A9A367048 /* Pods-atabixchallenge.release.xcconfig */;
			buildSettings = {
				ASSETCATALOG_COMPILER_APPICON_NAME = AppIcon;
				DEVELOPMENT_TEAM = "";
				INFOPLIST_FILE = atabixchallenge/Info.plist;
				LD_RUNPATH_SEARCH_PATHS = "$(inherited) @executable_path/Frameworks";
				PRODUCT_BUNDLE_IDENTIFIER = com.marcosmolero.atabixchallenge;
				PRODUCT_NAME = "$(TARGET_NAME)";
				SWIFT_VERSION = 3.0;
			};
			name = Release;
		};
/* End XCBuildConfiguration section */

/* Begin XCConfigurationList section */
		361646261E6EDB7C009232B1 /* Build configuration list for PBXProject "atabixchallenge" */ = {
			isa = XCConfigurationList;
			buildConfigurations = (
				3616463B1E6EDB7C009232B1 /* Debug */,
				3616463C1E6EDB7C009232B1 /* Release */,
			);
			defaultConfigurationIsVisible = 0;
			defaultConfigurationName = Release;
		};
		3616463D1E6EDB7C009232B1 /* Build configuration list for PBXNativeTarget "atabixchallenge" */ = {
			isa = XCConfigurationList;
			buildConfigurations = (
				3616463E1E6EDB7C009232B1 /* Debug */,
				3616463F1E6EDB7C009232B1 /* Release */,
			);
			defaultConfigurationIsVisible = 0;
			defaultConfigurationName = Release;
		};
/* End XCConfigurationList section */
	};
	rootObject = 361646231E6EDB7C009232B1 /* Project object */;
}
